{
  "nodes": {
    "ebpf-verifier": {
      "inputs": {
        "elfio": "elfio",
        "flake-utils": [
          "flake-utils"
        ],
        "nixpkgs": [
          "nixpkgs"
        ],
        "radix_tree": "radix_tree"
      },
      "locked": {
        "lastModified": 1638947390,
        "narHash": "sha256-wxlbImfH/EsE7/RLI8v8Y/D+/j9CXId/nVsRddsxd1M=",
        "owner": "NickCao",
        "repo": "ebpf-verifier",
        "rev": "9a5d6c7f1341baa0937605232bdf901311bf4bdf",
        "type": "github"
      },
      "original": {
        "owner": "NickCao",
        "ref": "rust",
        "repo": "ebpf-verifier",
        "type": "github"
      }
    },
    "elfio": {
      "flake": false,
      "locked": {
        "lastModified": 1623912711,
        "narHash": "sha256-PYgZiIJPWjl10XGleHmSXwk/hrkF3mNKypS8j+hXQWI=",
        "owner": "serge1",
        "repo": "ELFIO",
        "rev": "028b4117fafdab46b171473eebba9cccaa05e602",
        "type": "github"
      },
      "original": {
        "owner": "serge1",
        "repo": "ELFIO",
        "rev": "028b4117fafdab46b171473eebba9cccaa05e602",
        "type": "github"
      }
    },
    "flake-utils": {
      "locked": {
        "lastModified": 1638122382,
        "narHash": "sha256-sQzZzAbvKEqN9s0bzWuYmRaA03v40gaJ4+iL1LXjaeI=",
        "owner": "numtide",
        "repo": "flake-utils",
        "rev": "74f7e4319258e287b0f9cb95426c9853b282730b",
        "type": "github"
      },
      "original": {
        "owner": "numtide",
        "repo": "flake-utils",
        "type": "github"
      }
    },
    "nixpkgs": {
      "locked": {
        "lastModified": 1638937505,
        "narHash": "sha256-tHgFiJVEmNb+jToz5MOy89hvNkQ/40ap9nEavGDGmd8=",
        "owner": "NickCao",
        "repo": "nixpkgs",
        "rev": "8820800ab2a6e7f1c23c95819dff8b52510f3203",
        "type": "github"
      },
      "original": {
        "owner": "NickCao",
        "ref": "nixos-unstable-small",
        "repo": "nixpkgs",
        "type": "github"
      }
    },
    "radix_tree": {
      "flake": false,
      "locked": {
        "lastModified": 1614747125,
        "narHash": "sha256-9dstbWrXVg+DiExCABvoRoVsG6qvRyF2Y4Zl/IGyqls=",
        "owner": "ytakano",
        "repo": "radix_tree",
        "rev": "2fafde681c9580262795071c81c0576cb077e7e9",
        "type": "github"
      },
      "original": {
        "owner": "ytakano",
        "repo": "radix_tree",
        "rev": "2fafde681c9580262795071c81c0576cb077e7e9",
        "type": "github"
      }
    },
    "root": {
      "inputs": {
        "ebpf-verifier": "ebpf-verifier",
        "flake-utils": "flake-utils",
        "nixpkgs": "nixpkgs",
        "rust-overlay": "rust-overlay"
      }
    },
    "rust-overlay": {
      "inputs": {
        "flake-utils": [
          "flake-utils"
        ],
        "nixpkgs": [
          "nixpkgs"
        ]
      },
      "locked": {
        "lastModified": 1638929889,
        "narHash": "sha256-V61s9nnaF7sdzR5AGZL3d0D4p5XjKvVDTFmSQCN6TXA=",
        "owner": "oxalica",
        "repo": "rust-overlay",
        "rev": "1a7982b263ceefd78773630437b97b51e7186aa4",
        "type": "github"
      },
      "original": {
        "owner": "oxalica",
        "repo": "rust-overlay",
        "type": "github"
      }
    }
  },
  "root": "root",
  "version": 7
}
